// !$*UTF8*$!
{
	archiveVersion = 1;
	classes = {
	};
	objectVersion = 56;
	objects = {

/* Begin PBXBuildFile section */
		538262012BAB549B007FC93F /* AppDelegate.swift in Sources */ = {isa = PBXBuildFile; fileRef = 538262002BAB549B007FC93F /* AppDelegate.swift */; };
		538262032BAB549B007FC93F /* GameScene.sks in Resources */ = {isa = PBXBuildFile; fileRef = 538262022BAB549B007FC93F /* GameScene.sks */; };
		538262052BAB549B007FC93F /* Actions.sks in Resources */ = {isa = PBXBuildFile; fileRef = 538262042BAB549B007FC93F /* Actions.sks */; };
		538262072BAB549B007FC93F /* GameScene.swift in Sources */ = {isa = PBXBuildFile; fileRef = 538262062BAB549B007FC93F /* GameScene.swift */; };
		538262092BAB549B007FC93F /* GameViewController.swift in Sources */ = {isa = PBXBuildFile; fileRef = 538262082BAB549B007FC93F /* GameViewController.swift */; };
		5382620C2BAB549B007FC93F /* Main.storyboard in Resources */ = {isa = PBXBuildFile; fileRef = 5382620A2BAB549B007FC93F /* Main.storyboard */; };
		5382620E2BAB549C007FC93F /* Assets.xcassets in Resources */ = {isa = PBXBuildFile; fileRef = 5382620D2BAB549C007FC93F /* Assets.xcassets */; };
		538262112BAB549C007FC93F /* LaunchScreen.storyboard in Resources */ = {isa = PBXBuildFile; fileRef = 5382620F2BAB549C007FC93F /* LaunchScreen.storyboard */; };
		53911D212BAD2C4200A336FD /* wario.otf in Resources */ = {isa = PBXBuildFile; fileRef = 53911D202BAD2C4200A336FD /* wario.otf */; };
		53A1E8142BB24AC800E0736C /* bgSammy.mp3 in Resources */ = {isa = PBXBuildFile; fileRef = 53A1E8132BB24AC800E0736C /* bgSammy.mp3 */; };
		53A1E8182BB2558700E0736C /* drop.wav in Resources */ = {isa = PBXBuildFile; fileRef = 53A1E8172BB2558700E0736C /* drop.wav */; };
		53A1E81A2BB37DA900E0736C /* bgEffoc.mp3 in Resources */ = {isa = PBXBuildFile; fileRef = 53A1E8192BB37DA900E0736C /* bgEffoc.mp3 */; };
		53A1E81C2BB386C400E0736C /* Pong.swift in Sources */ = {isa = PBXBuildFile; fileRef = 53A1E81B2BB386C400E0736C /* Pong.swift */; };
		53A1E81E2BB4575B00E0736C /* template.swift in Sources */ = {isa = PBXBuildFile; fileRef = 53A1E81D2BB4575B00E0736C /* template.swift */; };
		53A1E8222BB7046800E0736C /* pixYafer.mov in Resources */ = {isa = PBXBuildFile; fileRef = 53A1E8212BB7046800E0736C /* pixYafer.mov */; };
		53A1E8242BB7047500E0736C /* pixYaferhit.mov in Resources */ = {isa = PBXBuildFile; fileRef = 53A1E8232BB7047500E0736C /* pixYaferhit.mov */; };
		53A1E82C2BB9D6E500E0736C /* no.mp3 in Resources */ = {isa = PBXBuildFile; fileRef = 53A1E82B2BB9D6E500E0736C /* no.mp3 */; };
		53A1E82E2BB9D72A00E0736C /* Michael yeah.mp3 in Resources */ = {isa = PBXBuildFile; fileRef = 53A1E82D2BB9D72A00E0736C /* Michael yeah.mp3 */; };
		53A1E8302BB9D7A000E0736C /* Theo lauigh.mp3 in Resources */ = {isa = PBXBuildFile; fileRef = 53A1E82F2BB9D7A000E0736C /* Theo lauigh.mp3 */; };
		53A1E8322BB9D99A00E0736C /* yafPong.mp3 in Resources */ = {isa = PBXBuildFile; fileRef = 53A1E8312BB9D99A00E0736C /* yafPong.mp3 */; };
		53A1E8362BB9DBCA00E0736C /* batBG.mp3 in Resources */ = {isa = PBXBuildFile; fileRef = 53A1E8352BB9DBCA00E0736C /* batBG.mp3 */; };
		53A1E8382BB9DDC800E0736C /* sammy.mp3 in Resources */ = {isa = PBXBuildFile; fileRef = 53A1E8372BB9DDC800E0736C /* sammy.mp3 */; };
		53A1E83A2BB9FFDB00E0736C /* sorry.mp3 in Resources */ = {isa = PBXBuildFile; fileRef = 53A1E8392BB9FFDB00E0736C /* sorry.mp3 */; };
		53A1E83C2BBA08FC00E0736C /* swipe.mp3 in Resources */ = {isa = PBXBuildFile; fileRef = 53A1E83B2BBA08FC00E0736C /* swipe.mp3 */; };
		53A1E83E2BBA09ED00E0736C /* maxBG.mp3 in Resources */ = {isa = PBXBuildFile; fileRef = 53A1E83D2BBA09EC00E0736C /* maxBG.mp3 */; };
		53A1E8412BBA0F4000E0736C /* yafBoo.mp3 in Resources */ = {isa = PBXBuildFile; fileRef = 53A1E83F2BBA0F4000E0736C /* yafBoo.mp3 */; };
		53A1E8422BBA0F4000E0736C /* yafLaugh.mp3 in Resources */ = {isa = PBXBuildFile; fileRef = 53A1E8402BBA0F4000E0736C /* yafLaugh.mp3 */; };
		53A1E8452BBA1AF900E0736C /* anita.mp3 in Resources */ = {isa = PBXBuildFile; fileRef = 53A1E8432BBA1AF800E0736C /* anita.mp3 */; };
		53A1E8462BBA1AF900E0736C /* mammamia.mp3 in Resources */ = {isa = PBXBuildFile; fileRef = 53A1E8442BBA1AF900E0736C /* mammamia.mp3 */; };
		53A1E8482BBA1D0700E0736C /* jackBelly.swift in Sources */ = {isa = PBXBuildFile; fileRef = 53A1E8472BBA1D0700E0736C /* jackBelly.swift */; };
		53A1E84A2BBA20FF00E0736C /* jackBG.mp3 in Resources */ = {isa = PBXBuildFile; fileRef = 53A1E8492BBA20FF00E0736C /* jackBG.mp3 */; };
		53A1E84C2BBA3F5C00E0736C /* pump.mp3 in Resources */ = {isa = PBXBuildFile; fileRef = 53A1E84B2BBA3F5C00E0736C /* pump.mp3 */; };
		53A1E8512BBA405200E0736C /* jasonNO.mp3 in Resources */ = {isa = PBXBuildFile; fileRef = 53A1E84D2BBA405100E0736C /* jasonNO.mp3 */; };
		53A1E8522BBA405200E0736C /* jasonSweet.mp3 in Resources */ = {isa = PBXBuildFile; fileRef = 53A1E84E2BBA405100E0736C /* jasonSweet.mp3 */; };
		53A1E8542BBA405200E0736C /* shucks.mp3 in Resources */ = {isa = PBXBuildFile; fileRef = 53A1E8502BBA405200E0736C /* shucks.mp3 */; };
		53A1E8582BBA42CA00E0736C /* fword.mp3 in Resources */ = {isa = PBXBuildFile; fileRef = 53A1E8572BBA42CA00E0736C /* fword.mp3 */; };
		53B268A62BAD112400FE61C7 /* SammySoy.swift in Sources */ = {isa = PBXBuildFile; fileRef = 53B268A52BAD112400FE61C7 /* SammySoy.swift */; };
		53D365C62BADCAA1004F10AF /* BatSwat.swift in Sources */ = {isa = PBXBuildFile; fileRef = 53D365C52BADCAA1004F10AF /* BatSwat.swift */; };
		53D365D22BAFB858004F10AF /* doomScroll.swift in Sources */ = {isa = PBXBuildFile; fileRef = 53D365D12BAFB858004F10AF /* doomScroll.swift */; };
		53D365D42BB1B9FD004F10AF /* Coffee.swift in Sources */ = {isa = PBXBuildFile; fileRef = 53D365D32BB1B9FD004F10AF /* Coffee.swift */; };
/* End PBXBuildFile section */

/* Begin PBXFileReference section */
		538261FD2BAB549B007FC93F /* LeroyWarioWare.app */ = {isa = PBXFileReference; explicitFileType = wrapper.application; includeInIndex = 0; path = LeroyWarioWare.app; sourceTree = BUILT_PRODUCTS_DIR; };
		538262002BAB549B007FC93F /* AppDelegate.swift */ = {isa = PBXFileReference; lastKnownFileType = sourcecode.swift; path = AppDelegate.swift; sourceTree = "<group>"; };
		538262022BAB549B007FC93F /* GameScene.sks */ = {isa = PBXFileReference; lastKnownFileType = file.sks; path = GameScene.sks; sourceTree = "<group>"; };
		538262042BAB549B007FC93F /* Actions.sks */ = {isa = PBXFileReference; lastKnownFileType = file.sks; path = Actions.sks; sourceTree = "<group>"; };
		538262062BAB549B007FC93F /* GameScene.swift */ = {isa = PBXFileReference; lastKnownFileType = sourcecode.swift; path = GameScene.swift; sourceTree = "<group>"; };
		538262082BAB549B007FC93F /* GameViewController.swift */ = {isa = PBXFileReference; lastKnownFileType = sourcecode.swift; path = GameViewController.swift; sourceTree = "<group>"; };
		5382620B2BAB549B007FC93F /* Base */ = {isa = PBXFileReference; lastKnownFileType = file.storyboard; name = Base; path = Base.lproj/Main.storyboard; sourceTree = "<group>"; };
		5382620D2BAB549C007FC93F /* Assets.xcassets */ = {isa = PBXFileReference; lastKnownFileType = folder.assetcatalog; path = Assets.xcassets; sourceTree = "<group>"; };
		538262102BAB549C007FC93F /* Base */ = {isa = PBXFileReference; lastKnownFileType = file.storyboard; name = Base; path = Base.lproj/LaunchScreen.storyboard; sourceTree = "<group>"; };
		53911D202BAD2C4200A336FD /* wario.otf */ = {isa = PBXFileReference; lastKnownFileType = file; path = wario.otf; sourceTree = "<group>"; };
		53A1E8132BB24AC800E0736C /* bgSammy.mp3 */ = {isa = PBXFileReference; lastKnownFileType = audio.mp3; path = bgSammy.mp3; sourceTree = "<group>"; };
		53A1E8172BB2558700E0736C /* drop.wav */ = {isa = PBXFileReference; lastKnownFileType = audio.wav; path = drop.wav; sourceTree = "<group>"; };
		53A1E8192BB37DA900E0736C /* bgEffoc.mp3 */ = {isa = PBXFileReference; lastKnownFileType = audio.mp3; path = bgEffoc.mp3; sourceTree = "<group>"; };
		53A1E81B2BB386C400E0736C /* Pong.swift */ = {isa = PBXFileReference; lastKnownFileType = sourcecode.swift; path = Pong.swift; sourceTree = "<group>"; };
		53A1E81D2BB4575B00E0736C /* template.swift */ = {isa = PBXFileReference; lastKnownFileType = sourcecode.swift; path = template.swift; sourceTree = "<group>"; };
		53A1E8212BB7046800E0736C /* pixYafer.mov */ = {isa = PBXFileReference; lastKnownFileType = video.quicktime; path = pixYafer.mov; sourceTree = "<group>"; };
		53A1E8232BB7047500E0736C /* pixYaferhit.mov */ = {isa = PBXFileReference; lastKnownFileType = video.quicktime; path = pixYaferhit.mov; sourceTree = "<group>"; };
		53A1E82B2BB9D6E500E0736C /* no.mp3 */ = {isa = PBXFileReference; lastKnownFileType = audio.mp3; path = no.mp3; sourceTree = "<group>"; };
		53A1E82D2BB9D72A00E0736C /* Michael yeah.mp3 */ = {isa = PBXFileReference; lastKnownFileType = audio.mp3; path = "Michael yeah.mp3"; sourceTree = "<group>"; };
		53A1E82F2BB9D7A000E0736C /* Theo lauigh.mp3 */ = {isa = PBXFileReference; lastKnownFileType = audio.mp3; path = "Theo lauigh.mp3"; sourceTree = "<group>"; };
		53A1E8312BB9D99A00E0736C /* yafPong.mp3 */ = {isa = PBXFileReference; lastKnownFileType = audio.mp3; path = yafPong.mp3; sourceTree = "<group>"; };
		53A1E8352BB9DBCA00E0736C /* batBG.mp3 */ = {isa = PBXFileReference; lastKnownFileType = audio.mp3; path = batBG.mp3; sourceTree = "<group>"; };
		53A1E8372BB9DDC800E0736C /* sammy.mp3 */ = {isa = PBXFileReference; lastKnownFileType = audio.mp3; path = sammy.mp3; sourceTree = "<group>"; };
		53A1E8392BB9FFDB00E0736C /* sorry.mp3 */ = {isa = PBXFileReference; lastKnownFileType = audio.mp3; path = sorry.mp3; sourceTree = "<group>"; };
		53A1E83B2BBA08FC00E0736C /* swipe.mp3 */ = {isa = PBXFileReference; lastKnownFileType = audio.mp3; path = swipe.mp3; sourceTree = "<group>"; };
		53A1E83D2BBA09EC00E0736C /* maxBG.mp3 */ = {isa = PBXFileReference; lastKnownFileType = audio.mp3; path = maxBG.mp3; sourceTree = "<group>"; };
		53A1E83F2BBA0F4000E0736C /* yafBoo.mp3 */ = {isa = PBXFileReference; lastKnownFileType = audio.mp3; path = yafBoo.mp3; sourceTree = "<group>"; };
		53A1E8402BBA0F4000E0736C /* yafLaugh.mp3 */ = {isa = PBXFileReference; lastKnownFileType = audio.mp3; path = yafLaugh.mp3; sourceTree = "<group>"; };
		53A1E8432BBA1AF800E0736C /* anita.mp3 */ = {isa = PBXFileReference; lastKnownFileType = audio.mp3; path = anita.mp3; sourceTree = "<group>"; };
		53A1E8442BBA1AF900E0736C /* mammamia.mp3 */ = {isa = PBXFileReference; lastKnownFileType = audio.mp3; path = mammamia.mp3; sourceTree = "<group>"; };
		53A1E8472BBA1D0700E0736C /* jackBelly.swift */ = {isa = PBXFileReference; lastKnownFileType = sourcecode.swift; path = jackBelly.swift; sourceTree = "<group>"; };
		53A1E8492BBA20FF00E0736C /* jackBG.mp3 */ = {isa = PBXFileReference; lastKnownFileType = audio.mp3; path = jackBG.mp3; sourceTree = "<group>"; };
		53A1E84B2BBA3F5C00E0736C /* pump.mp3 */ = {isa = PBXFileReference; lastKnownFileType = audio.mp3; path = pump.mp3; sourceTree = "<group>"; };
		53A1E84D2BBA405100E0736C /* jasonNO.mp3 */ = {isa = PBXFileReference; lastKnownFileType = audio.mp3; path = jasonNO.mp3; sourceTree = "<group>"; };
		53A1E84E2BBA405100E0736C /* jasonSweet.mp3 */ = {isa = PBXFileReference; lastKnownFileType = audio.mp3; path = jasonSweet.mp3; sourceTree = "<group>"; };
		53A1E8502BBA405200E0736C /* shucks.mp3 */ = {isa = PBXFileReference; lastKnownFileType = audio.mp3; path = shucks.mp3; sourceTree = "<group>"; };
		53A1E8572BBA42CA00E0736C /* fword.mp3 */ = {isa = PBXFileReference; lastKnownFileType = audio.mp3; name = fword.mp3; path = "../../../../Desktop/wario audio/fword.mp3"; sourceTree = "<group>"; };
		53B268A52BAD112400FE61C7 /* SammySoy.swift */ = {isa = PBXFileReference; lastKnownFileType = sourcecode.swift; path = SammySoy.swift; sourceTree = "<group>"; };
		53B268AB2BAD286000FE61C7 /* Info.plist */ = {isa = PBXFileReference; lastKnownFileType = text.plist; path = Info.plist; sourceTree = "<group>"; };
		53D365C52BADCAA1004F10AF /* BatSwat.swift */ = {isa = PBXFileReference; lastKnownFileType = sourcecode.swift; path = BatSwat.swift; sourceTree = "<group>"; };
		53D365D12BAFB858004F10AF /* doomScroll.swift */ = {isa = PBXFileReference; lastKnownFileType = sourcecode.swift; path = doomScroll.swift; sourceTree = "<group>"; };
		53D365D32BB1B9FD004F10AF /* Coffee.swift */ = {isa = PBXFileReference; lastKnownFileType = sourcecode.swift; path = Coffee.swift; sourceTree = "<group>"; };
/* End PBXFileReference section */

/* Begin PBXFrameworksBuildPhase section */
		538261FA2BAB549B007FC93F /* Frameworks */ = {
			isa = PBXFrameworksBuildPhase;
			buildActionMask = 2147483647;
			files = (
			);
			runOnlyForDeploymentPostprocessing = 0;
		};
/* End PBXFrameworksBuildPhase section */

/* Begin PBXGroup section */
		538261F42BAB549B007FC93F = {
			isa = PBXGroup;
			children = (
				538261FF2BAB549B007FC93F /* LeroyWarioWare */,
				538261FE2BAB549B007FC93F /* Products */,
			);
			sourceTree = "<group>";
		};
		538261FE2BAB549B007FC93F /* Products */ = {
			isa = PBXGroup;
			children = (
				538261FD2BAB549B007FC93F /* LeroyWarioWare.app */,
			);
			name = Products;
			sourceTree = "<group>";
		};
		538261FF2BAB549B007FC93F /* LeroyWarioWare */ = {
			isa = PBXGroup;
			children = (
				53B268AB2BAD286000FE61C7 /* Info.plist */,
				538262002BAB549B007FC93F /* AppDelegate.swift */,
				538262022BAB549B007FC93F /* GameScene.sks */,
				538262042BAB549B007FC93F /* Actions.sks */,
				538262062BAB549B007FC93F /* GameScene.swift */,
				53D365D12BAFB858004F10AF /* doomScroll.swift */,
				53D365D32BB1B9FD004F10AF /* Coffee.swift */,
				53B268A52BAD112400FE61C7 /* SammySoy.swift */,
				53D365C52BADCAA1004F10AF /* BatSwat.swift */,
				53A1E81B2BB386C400E0736C /* Pong.swift */,
				53A1E81D2BB4575B00E0736C /* template.swift */,
				53A1E8472BBA1D0700E0736C /* jackBelly.swift */,
				538262082BAB549B007FC93F /* GameViewController.swift */,
				5382620A2BAB549B007FC93F /* Main.storyboard */,
				5382620D2BAB549C007FC93F /* Assets.xcassets */,
				5382620F2BAB549C007FC93F /* LaunchScreen.storyboard */,
				53911D202BAD2C4200A336FD /* wario.otf */,
				53A1E8132BB24AC800E0736C /* bgSammy.mp3 */,
				53A1E8172BB2558700E0736C /* drop.wav */,
				53A1E8192BB37DA900E0736C /* bgEffoc.mp3 */,
				53A1E8212BB7046800E0736C /* pixYafer.mov */,
				53A1E8232BB7047500E0736C /* pixYaferhit.mov */,
				53A1E82B2BB9D6E500E0736C /* no.mp3 */,
				53A1E82D2BB9D72A00E0736C /* Michael yeah.mp3 */,
				53A1E82F2BB9D7A000E0736C /* Theo lauigh.mp3 */,
				53A1E8312BB9D99A00E0736C /* yafPong.mp3 */,
				53A1E8352BB9DBCA00E0736C /* batBG.mp3 */,
				53A1E8372BB9DDC800E0736C /* sammy.mp3 */,
				53A1E8392BB9FFDB00E0736C /* sorry.mp3 */,
				53A1E83B2BBA08FC00E0736C /* swipe.mp3 */,
				53A1E83D2BBA09EC00E0736C /* maxBG.mp3 */,
				53A1E83F2BBA0F4000E0736C /* yafBoo.mp3 */,
				53A1E8402BBA0F4000E0736C /* yafLaugh.mp3 */,
				53A1E84D2BBA405100E0736C /* jasonNO.mp3 */,
				53A1E84E2BBA405100E0736C /* jasonSweet.mp3 */,
				53A1E8502BBA405200E0736C /* shucks.mp3 */,
				53A1E8432BBA1AF800E0736C /* anita.mp3 */,
				53A1E8572BBA42CA00E0736C /* fword.mp3 */,
				53A1E8492BBA20FF00E0736C /* jackBG.mp3 */,
				53A1E84B2BBA3F5C00E0736C /* pump.mp3 */,
				53A1E8442BBA1AF900E0736C /* mammamia.mp3 */,
			);
			path = LeroyWarioWare;
			sourceTree = "<group>";
		};
/* End PBXGroup section */

/* Begin PBXNativeTarget section */
		538261FC2BAB549B007FC93F /* LeroyWarioWare */ = {
			isa = PBXNativeTarget;
			buildConfigurationList = 538262142BAB549C007FC93F /* Build configuration list for PBXNativeTarget "LeroyWarioWare" */;
			buildPhases = (
				538261F92BAB549B007FC93F /* Sources */,
				538261FA2BAB549B007FC93F /* Frameworks */,
				538261FB2BAB549B007FC93F /* Resources */,
			);
			buildRules = (
			);
			dependencies = (
			);
			name = LeroyWarioWare;
			productName = LeroyWarioWare;
			productReference = 538261FD2BAB549B007FC93F /* LeroyWarioWare.app */;
			productType = "com.apple.product-type.application";
		};
/* End PBXNativeTarget section */

/* Begin PBXProject section */
		538261F52BAB549B007FC93F /* Project object */ = {
			isa = PBXProject;
			attributes = {
				BuildIndependentTargetsInParallel = 1;
				LastSwiftUpdateCheck = 1520;
				LastUpgradeCheck = 1520;
				TargetAttributes = {
					538261FC2BAB549B007FC93F = {
						CreatedOnToolsVersion = 15.2;
					};
				};
			};
			buildConfigurationList = 538261F82BAB549B007FC93F /* Build configuration list for PBXProject "LeroyWarioWare" */;
			compatibilityVersion = "Xcode 14.0";
			developmentRegion = en;
			hasScannedForEncodings = 0;
			knownRegions = (
				en,
				Base,
			);
			mainGroup = 538261F42BAB549B007FC93F;
			productRefGroup = 538261FE2BAB549B007FC93F /* Products */;
			projectDirPath = "";
			projectRoot = "";
			targets = (
				538261FC2BAB549B007FC93F /* LeroyWarioWare */,
			);
		};
/* End PBXProject section */

/* Begin PBXResourcesBuildPhase section */
		538261FB2BAB549B007FC93F /* Resources */ = {
			isa = PBXResourcesBuildPhase;
			buildActionMask = 2147483647;
			files = (
				53A1E8222BB7046800E0736C /* pixYafer.mov in Resources */,
				5382620C2BAB549B007FC93F /* Main.storyboard in Resources */,
				53A1E8462BBA1AF900E0736C /* mammamia.mp3 in Resources */,
				53A1E8452BBA1AF900E0736C /* anita.mp3 in Resources */,
				53A1E84C2BBA3F5C00E0736C /* pump.mp3 in Resources */,
				53A1E8582BBA42CA00E0736C /* fword.mp3 in Resources */,
				53A1E83E2BBA09ED00E0736C /* maxBG.mp3 in Resources */,
				53A1E8412BBA0F4000E0736C /* yafBoo.mp3 in Resources */,
				53A1E8182BB2558700E0736C /* drop.wav in Resources */,
				53A1E8142BB24AC800E0736C /* bgSammy.mp3 in Resources */,
				538262032BAB549B007FC93F /* GameScene.sks in Resources */,
				53A1E8422BBA0F4000E0736C /* yafLaugh.mp3 in Resources */,
				53911D212BAD2C4200A336FD /* wario.otf in Resources */,
				53A1E83C2BBA08FC00E0736C /* swipe.mp3 in Resources */,
				53A1E8242BB7047500E0736C /* pixYaferhit.mov in Resources */,
				53A1E8362BB9DBCA00E0736C /* batBG.mp3 in Resources */,
				53A1E8322BB9D99A00E0736C /* yafPong.mp3 in Resources */,
				53A1E8302BB9D7A000E0736C /* Theo lauigh.mp3 in Resources */,
				53A1E83A2BB9FFDB00E0736C /* sorry.mp3 in Resources */,
				53A1E8542BBA405200E0736C /* shucks.mp3 in Resources */,
				5382620E2BAB549C007FC93F /* Assets.xcassets in Resources */,
				538262112BAB549C007FC93F /* LaunchScreen.storyboard in Resources */,
				53A1E82C2BB9D6E500E0736C /* no.mp3 in Resources */,
				538262052BAB549B007FC93F /* Actions.sks in Resources */,
				53A1E82E2BB9D72A00E0736C /* Michael yeah.mp3 in Resources */,
				53A1E8512BBA405200E0736C /* jasonNO.mp3 in Resources */,
				53A1E84A2BBA20FF00E0736C /* jackBG.mp3 in Resources */,
				53A1E8382BB9DDC800E0736C /* sammy.mp3 in Resources */,
				53A1E81A2BB37DA900E0736C /* bgEffoc.mp3 in Resources */,
				53A1E8522BBA405200E0736C /* jasonSweet.mp3 in Resources */,
			);
			runOnlyForDeploymentPostprocessing = 0;
		};
/* End PBXResourcesBuildPhase section */

/* Begin PBXSourcesBuildPhase section */
		538261F92BAB549B007FC93F /* Sources */ = {
			isa = PBXSourcesBuildPhase;
			buildActionMask = 2147483647;
			files = (
				538262072BAB549B007FC93F /* GameScene.swift in Sources */,
				53A1E81C2BB386C400E0736C /* Pong.swift in Sources */,
				53A1E81E2BB4575B00E0736C /* template.swift in Sources */,
				538262092BAB549B007FC93F /* GameViewController.swift in Sources */,
				538262012BAB549B007FC93F /* AppDelegate.swift in Sources */,
				53A1E8482BBA1D0700E0736C /* jackBelly.swift in Sources */,
				53D365D22BAFB858004F10AF /* doomScroll.swift in Sources */,
				53B268A62BAD112400FE61C7 /* SammySoy.swift in Sources */,
				53D365C62BADCAA1004F10AF /* BatSwat.swift in Sources */,
				53D365D42BB1B9FD004F10AF /* Coffee.swift in Sources */,
			);
			runOnlyForDeploymentPostprocessing = 0;
		};
/* End PBXSourcesBuildPhase section */

/* Begin PBXVariantGroup section */
		5382620A2BAB549B007FC93F /* Main.storyboard */ = {
			isa = PBXVariantGroup;
			children = (
				5382620B2BAB549B007FC93F /* Base */,
			);
			name = Main.storyboard;
			sourceTree = "<group>";
		};
		5382620F2BAB549C007FC93F /* LaunchScreen.storyboard */ = {
			isa = PBXVariantGroup;
			children = (
				538262102BAB549C007FC93F /* Base */,
			);
			name = LaunchScreen.storyboard;
			sourceTree = "<group>";
		};
/* End PBXVariantGroup section */

/* Begin XCBuildConfiguration section */
		538262122BAB549C007FC93F /* Debug */ = {
			isa = XCBuildConfiguration;
			buildSettings = {
				ALWAYS_SEARCH_USER_PATHS = NO;
				ASSETCATALOG_COMPILER_GENERATE_SWIFT_ASSET_SYMBOL_EXTENSIONS = YES;
				CLANG_ANALYZER_NONNULL = YES;
				CLANG_ANALYZER_NUMBER_OBJECT_CONVERSION = YES_AGGRESSIVE;
				CLANG_CXX_LANGUAGE_STANDARD = "gnu++20";
				CLANG_ENABLE_MODULES = YES;
				CLANG_ENABLE_OBJC_ARC = YES;
				CLANG_ENABLE_OBJC_WEAK = YES;
				CLANG_WARN_BLOCK_CAPTURE_AUTORELEASING = YES;
				CLANG_WARN_BOOL_CONVERSION = YES;
				CLANG_WARN_COMMA = YES;
				CLANG_WARN_CONSTANT_CONVERSION = YES;
				CLANG_WARN_DEPRECATED_OBJC_IMPLEMENTATIONS = YES;
				CLANG_WARN_DIRECT_OBJC_ISA_USAGE = YES_ERROR;
				CLANG_WARN_DOCUMENTATION_COMMENTS = YES;
				CLANG_WARN_EMPTY_BODY = YES;
				CLANG_WARN_ENUM_CONVERSION = YES;
				CLANG_WARN_INFINITE_RECURSION = YES;
				CLANG_WARN_INT_CONVERSION = YES;
				CLANG_WARN_NON_LITERAL_NULL_CONVERSION = YES;
				CLANG_WARN_OBJC_IMPLICIT_RETAIN_SELF = YES;
				CLANG_WARN_OBJC_LITERAL_CONVERSION = YES;
				CLANG_WARN_OBJC_ROOT_CLASS = YES_ERROR;
				CLANG_WARN_QUOTED_INCLUDE_IN_FRAMEWORK_HEADER = YES;
				CLANG_WARN_RANGE_LOOP_ANALYSIS = YES;
				CLANG_WARN_STRICT_PROTOTYPES = YES;
				CLANG_WARN_SUSPICIOUS_MOVE = YES;
				CLANG_WARN_UNGUARDED_AVAILABILITY = YES_AGGRESSIVE;
				CLANG_WARN_UNREACHABLE_CODE = YES;
				CLANG_WARN__DUPLICATE_METHOD_MATCH = YES;
				COPY_PHASE_STRIP = NO;
				DEBUG_INFORMATION_FORMAT = dwarf;
				ENABLE_STRICT_OBJC_MSGSEND = YES;
				ENABLE_TESTABILITY = YES;
				ENABLE_USER_SCRIPT_SANDBOXING = YES;
				GCC_C_LANGUAGE_STANDARD = gnu17;
				GCC_DYNAMIC_NO_PIC = NO;
				GCC_NO_COMMON_BLOCKS = YES;
				GCC_OPTIMIZATION_LEVEL = 0;
				GCC_PREPROCESSOR_DEFINITIONS = (
					"DEBUG=1",
					"$(inherited)",
				);
				GCC_WARN_64_TO_32_BIT_CONVERSION = YES;
				GCC_WARN_ABOUT_RETURN_TYPE = YES_ERROR;
				GCC_WARN_UNDECLARED_SELECTOR = YES;
				GCC_WARN_UNINITIALIZED_AUTOS = YES_AGGRESSIVE;
				GCC_WARN_UNUSED_FUNCTION = YES;
				GCC_WARN_UNUSED_VARIABLE = YES;
				IPHONEOS_DEPLOYMENT_TARGET = 17.2;
				LOCALIZATION_PREFERS_STRING_CATALOGS = YES;
				MTL_ENABLE_DEBUG_INFO = INCLUDE_SOURCE;
				MTL_FAST_MATH = YES;
				ONLY_ACTIVE_ARCH = YES;
				SDKROOT = iphoneos;
				SWIFT_ACTIVE_COMPILATION_CONDITIONS = "DEBUG $(inherited)";
				SWIFT_OPTIMIZATION_LEVEL = "-Onone";
			};
			name = Debug;
		};
		538262132BAB549C007FC93F /* Release */ = {
			isa = XCBuildConfiguration;
			buildSettings = {
				ALWAYS_SEARCH_USER_PATHS = NO;
				ASSETCATALOG_COMPILER_GENERATE_SWIFT_ASSET_SYMBOL_EXTENSIONS = YES;
				CLANG_ANALYZER_NONNULL = YES;
				CLANG_ANALYZER_NUMBER_OBJECT_CONVERSION = YES_AGGRESSIVE;
				CLANG_CXX_LANGUAGE_STANDARD = "gnu++20";
				CLANG_ENABLE_MODULES = YES;
				CLANG_ENABLE_OBJC_ARC = YES;
				CLANG_ENABLE_OBJC_WEAK = YES;
				CLANG_WARN_BLOCK_CAPTURE_AUTORELEASING = YES;
				CLANG_WARN_BOOL_CONVERSION = YES;
				CLANG_WARN_COMMA = YES;
				CLANG_WARN_CONSTANT_CONVERSION = YES;
				CLANG_WARN_DEPRECATED_OBJC_IMPLEMENTATIONS = YES;
				CLANG_WARN_DIRECT_OBJC_ISA_USAGE = YES_ERROR;
				CLANG_WARN_DOCUMENTATION_COMMENTS = YES;
				CLANG_WARN_EMPTY_BODY = YES;
				CLANG_WARN_ENUM_CONVERSION = YES;
				CLANG_WARN_INFINITE_RECURSION = YES;
				CLANG_WARN_INT_CONVERSION = YES;
				CLANG_WARN_NON_LITERAL_NULL_CONVERSION = YES;
				CLANG_WARN_OBJC_IMPLICIT_RETAIN_SELF = YES;
				CLANG_WARN_OBJC_LITERAL_CONVERSION = YES;
				CLANG_WARN_OBJC_ROOT_CLASS = YES_ERROR;
				CLANG_WARN_QUOTED_INCLUDE_IN_FRAMEWORK_HEADER = YES;
				CLANG_WARN_RANGE_LOOP_ANALYSIS = YES;
				CLANG_WARN_STRICT_PROTOTYPES = YES;
				CLANG_WARN_SUSPICIOUS_MOVE = YES;
				CLANG_WARN_UNGUARDED_AVAILABILITY = YES_AGGRESSIVE;
				CLANG_WARN_UNREACHABLE_CODE = YES;
				CLANG_WARN__DUPLICATE_METHOD_MATCH = YES;
				COPY_PHASE_STRIP = NO;
				DEBUG_INFORMATION_FORMAT = "dwarf-with-dsym";
				ENABLE_NS_ASSERTIONS = NO;
				ENABLE_STRICT_OBJC_MSGSEND = YES;
				ENABLE_USER_SCRIPT_SANDBOXING = YES;
				GCC_C_LANGUAGE_STANDARD = gnu17;
				GCC_NO_COMMON_BLOCKS = YES;
				GCC_WARN_64_TO_32_BIT_CONVERSION = YES;
				GCC_WARN_ABOUT_RETURN_TYPE = YES_ERROR;
				GCC_WARN_UNDECLARED_SELECTOR = YES;
				GCC_WARN_UNINITIALIZED_AUTOS = YES_AGGRESSIVE;
				GCC_WARN_UNUSED_FUNCTION = YES;
				GCC_WARN_UNUSED_VARIABLE = YES;
				IPHONEOS_DEPLOYMENT_TARGET = 17.2;
				LOCALIZATION_PREFERS_STRING_CATALOGS = YES;
				MTL_ENABLE_DEBUG_INFO = NO;
				MTL_FAST_MATH = YES;
				SDKROOT = iphoneos;
				SWIFT_COMPILATION_MODE = wholemodule;
				VALIDATE_PRODUCT = YES;
			};
			name = Release;
		};
		538262152BAB549C007FC93F /* Debug */ = {
			isa = XCBuildConfiguration;
			buildSettings = {
				ASSETCATALOG_COMPILER_APPICON_NAME = AppIcon;
				ASSETCATALOG_COMPILER_GLOBAL_ACCENT_COLOR_NAME = AccentColor;
				CODE_SIGN_STYLE = Automatic;
				CURRENT_PROJECT_VERSION = 1;
				DEVELOPMENT_TEAM = SMPMYADBJ9;
				GENERATE_INFOPLIST_FILE = YES;
				INFOPLIST_FILE = LeroyWarioWare/Info.plist;
				INFOPLIST_KEY_UIApplicationSupportsIndirectInputEvents = YES;
				INFOPLIST_KEY_UILaunchStoryboardName = LaunchScreen;
				INFOPLIST_KEY_UIMainStoryboardFile = Main;
				INFOPLIST_KEY_UIStatusBarHidden = YES;
				INFOPLIST_KEY_UISupportedInterfaceOrientations = UIInterfaceOrientationLandscapeRight;
				LD_RUNPATH_SEARCH_PATHS = (
					"$(inherited)",
					"@executable_path/Frameworks",
				);
				MARKETING_VERSION = 1.0;
				PRODUCT_BUNDLE_IDENTIFIER = jscott.LeroyWarioWare;
				PRODUCT_NAME = "$(TARGET_NAME)";
				SWIFT_EMIT_LOC_STRINGS = YES;
				SWIFT_VERSION = 5.0;
				TARGETED_DEVICE_FAMILY = "1,2";
			};
			name = Debug;
		};
		538262162BAB549C007FC93F /* Release */ = {
			isa = XCBuildConfiguration;
			buildSettings = {
				ASSETCATALOG_COMPILER_APPICON_NAME = AppIcon;
				ASSETCATALOG_COMPILER_GLOBAL_ACCENT_COLOR_NAME = AccentColor;
				CODE_SIGN_STYLE = Automatic;
				CURRENT_PROJECT_VERSION = 1;
				DEVELOPMENT_TEAM = SMPMYADBJ9;
				GENERATE_INFOPLIST_FILE = YES;
				INFOPLIST_FILE = LeroyWarioWare/Info.plist;
				INFOPLIST_KEY_UIApplicationSupportsIndirectInputEvents = YES;
				INFOPLIST_KEY_UILaunchStoryboardName = LaunchScreen;
				INFOPLIST_KEY_UIMainStoryboardFile = Main;
				INFOPLIST_KEY_UIStatusBarHidden = YES;
				INFOPLIST_KEY_UISupportedInterfaceOrientations = UIInterfaceOrientationLandscapeRight;
				LD_RUNPATH_SEARCH_PATHS = (
					"$(inherited)",
					"@executable_path/Frameworks",
				);
				MARKETING_VERSION = 1.0;
				PRODUCT_BUNDLE_IDENTIFIER = jscott.LeroyWarioWare;
				PRODUCT_NAME = "$(TARGET_NAME)";
				SWIFT_EMIT_LOC_STRINGS = YES;
				SWIFT_VERSION = 5.0;
				TARGETED_DEVICE_FAMILY = "1,2";
			};
			name = Release;
		};
/* End XCBuildConfiguration section */

/* Begin XCConfigurationList section */
		538261F82BAB549B007FC93F /* Build configuration list for PBXProject "LeroyWarioWare" */ = {
			isa = XCConfigurationList;
			buildConfigurations = (
				538262122BAB549C007FC93F /* Debug */,
				538262132BAB549C007FC93F /* Release */,
			);
			defaultConfigurationIsVisible = 0;
			defaultConfigurationName = Release;
		};
		538262142BAB549C007FC93F /* Build configuration list for PBXNativeTarget "LeroyWarioWare" */ = {
			isa = XCConfigurationList;
			buildConfigurations = (
				538262152BAB549C007FC93F /* Debug */,
				538262162BAB549C007FC93F /* Release */,
			);
			defaultConfigurationIsVisible = 0;
			defaultConfigurationName = Release;
		};
/* End XCConfigurationList section */
	};
	rootObject = 538261F52BAB549B007FC93F /* Project object */;
}
